
Microsoft Visual Studio Solution File, Format Version 12.00
# Visual Studio Version 16
VisualStudioVersion = 16.0.31515.178
MinimumVisualStudioVersion = 10.0.40219.1
Project("{FAE04EC0-301F-11D3-BF4B-00C04F79EFBC}") = "Tuple_Demo", "Tuple_Demo\Tuple_Demo.csproj", "{F244994B-C5F7-4188-8BB4-7E9747EECDAC}"
EndProject
Global
	GlobalSection(SolutionConfigurationPlatforms) = preSolution
		Debug|Any CPU = Debug|Any CPU
		Release|Any CPU = Release|Any CPU
	EndGlobalSection
	GlobalSection(ProjectConfigurationPlatforms) = postSolution
		{F244994B-C5F7-4188-8BB4-7E9747EECDAC}.Debug|Any CPU.ActiveCfg = Debug|Any CPU
		{F244994B-C5F7-4188-8BB4-7E9747EECDAC}.Debug|Any CPU.Build.0 = Debug|Any CPU
		{F244994B-C5F7-4188-8BB4-7E9747EECDAC}.Release|Any CPU.ActiveCfg = Release|Any CPU
		{F244994B-C5F7-4188-8BB4-7E9747EECDAC}.Release|Any CPU.Build.0 = Release|Any CPU
	EndGlobalSection
	GlobalSection(SolutionProperties) = preSolution
		HideSolutionNode = FALSE
	EndGlobalSection
	GlobalSection(ExtensibilityGlobals) = postSolution
		SolutionGuid = {AA7DD5CE-9077-41D2-BA97-200A7F3E6A9A}
	EndGlobalSection
EndGlobal
